
Microsoft Visual Studio Solution File, Format Version 12.00
# Visual Studio Version 17
VisualStudioVersion = 17.14.36511.14
MinimumVisualStudioVersion = 10.0.40219.1
Project("{2150E333-8FDC-42A3-9474-1A3956D46DE8}") = "Solution Items", "Solution Items", "{8EC462FD-D22E-90A8-E5CE-7E832BA40C5D}"
	ProjectSection(SolutionItems) = preProject
		.gitignore = .gitignore
	EndProjectSection
EndProject
Project("{FAE04EC0-301F-11D3-BF4B-00C04F79EFBC}") = "Bibliotekssystem", "Bibliotekssystem\Bibliotekssystem\Bibliotekssystem.csproj", "{2CE5196E-217B-3778-5C0A-B2311700CC7A}"
EndProject
Project("{FAE04EC0-301F-11D3-BF4B-00C04F79EFBC}") = "LibrarySystem.Core", "LibrarySystem.Core\LibrarySystem.Core.csproj", "{194923B0-D592-4718-BBF1-FFCC33AA5454}"
EndProject
Project("{FAE04EC0-301F-11D3-BF4B-00C04F79EFBC}") = "LibrarySystem.Data", "LibrarySystem.Data\LibrarySystem.Data.csproj", "{5B2C6B95-3F91-4DEA-B7A6-A6BBD42C20BB}"
EndProject
Project("{FAE04EC0-301F-11D3-BF4B-00C04F79EFBC}") = "LibrarySystem.Web", "LibrarySystem.Web\LibrarySystem.Web.csproj", "{63BF1F25-AA0E-44B2-842F-507CE5C7D754}"
EndProject
Project("{FAE04EC0-301F-11D3-BF4B-00C04F79EFBC}") = "Bibliotekssystem.Tests", "Bibliotekssystem.Tests\Bibliotekssystem.Tests.csproj", "{0081EA27-77B7-C7F9-F4C2-51C834870278}"
EndProject
Project("{FAE04EC0-301F-11D3-BF4B-00C04F79EFBC}") = "LibrarySystem.Tests", "LibrarySystem.Tests\LibrarySystem.Tests.csproj", "{C62A5B1D-AF1F-377D-C537-3246E0F402A2}"
EndProject
Global
	GlobalSection(SolutionConfigurationPlatforms) = preSolution
		Debug|Any CPU = Debug|Any CPU
		Release|Any CPU = Release|Any CPU
	EndGlobalSection
	GlobalSection(ProjectConfigurationPlatforms) = postSolution
		{2CE5196E-217B-3778-5C0A-B2311700CC7A}.Debug|Any CPU.ActiveCfg = Debug|Any CPU
		{2CE5196E-217B-3778-5C0A-B2311700CC7A}.Release|Any CPU.ActiveCfg = Release|Any CPU
		{2CE5196E-217B-3778-5C0A-B2311700CC7A}.Release|Any CPU.Build.0 = Release|Any CPU
		{194923B0-D592-4718-BBF1-FFCC33AA5454}.Debug|Any CPU.ActiveCfg = Debug|Any CPU
		{194923B0-D592-4718-BBF1-FFCC33AA5454}.Debug|Any CPU.Build.0 = Debug|Any CPU
		{194923B0-D592-4718-BBF1-FFCC33AA5454}.Release|Any CPU.ActiveCfg = Release|Any CPU
		{194923B0-D592-4718-BBF1-FFCC33AA5454}.Release|Any CPU.Build.0 = Release|Any CPU
		{5B2C6B95-3F91-4DEA-B7A6-A6BBD42C20BB}.Debug|Any CPU.ActiveCfg = Debug|Any CPU
		{5B2C6B95-3F91-4DEA-B7A6-A6BBD42C20BB}.Debug|Any CPU.Build.0 = Debug|Any CPU
		{5B2C6B95-3F91-4DEA-B7A6-A6BBD42C20BB}.Release|Any CPU.ActiveCfg = Release|Any CPU
		{5B2C6B95-3F91-4DEA-B7A6-A6BBD42C20BB}.Release|Any CPU.Build.0 = Release|Any CPU
		{63BF1F25-AA0E-44B2-842F-507CE5C7D754}.Debug|Any CPU.ActiveCfg = Debug|Any CPU
		{63BF1F25-AA0E-44B2-842F-507CE5C7D754}.Debug|Any CPU.Build.0 = Debug|Any CPU
		{63BF1F25-AA0E-44B2-842F-507CE5C7D754}.Release|Any CPU.ActiveCfg = Release|Any CPU
		{63BF1F25-AA0E-44B2-842F-507CE5C7D754}.Release|Any CPU.Build.0 = Release|Any CPU
		{0081EA27-77B7-C7F9-F4C2-51C834870278}.Debug|Any CPU.ActiveCfg = Debug|Any CPU
		{0081EA27-77B7-C7F9-F4C2-51C834870278}.Debug|Any CPU.Build.0 = Debug|Any CPU
		{0081EA27-77B7-C7F9-F4C2-51C834870278}.Release|Any CPU.ActiveCfg = Release|Any CPU
		{0081EA27-77B7-C7F9-F4C2-51C834870278}.Release|Any CPU.Build.0 = Release|Any CPU
		{C62A5B1D-AF1F-377D-C537-3246E0F402A2}.Debug|Any CPU.ActiveCfg = Debug|Any CPU
		{C62A5B1D-AF1F-377D-C537-3246E0F402A2}.Debug|Any CPU.Build.0 = Debug|Any CPU
		{C62A5B1D-AF1F-377D-C537-3246E0F402A2}.Release|Any CPU.ActiveCfg = Release|Any CPU
		{C62A5B1D-AF1F-377D-C537-3246E0F402A2}.Release|Any CPU.Build.0 = Release|Any CPU
	EndGlobalSection
	GlobalSection(SolutionProperties) = preSolution
		HideSolutionNode = FALSE
	EndGlobalSection
	GlobalSection(ExtensibilityGlobals) = postSolution
		SolutionGuid = {4DBD579A-54B4-4B35-B90C-C3A6C1729144}
	EndGlobalSection
EndGlobal
